
Microsoft Visual Studio Solution File, Format Version 12.00
# Visual Studio Version 17
VisualStudioVersion = 17.0.31611.283
MinimumVisualStudioVersion = 10.0.40219.1
Project("{9A19103F-16F7-4668-BE54-9A1E7A4F7556}") = "Khanjanzadeh_Niki_Lab4.", "Khanjanzadeh_Niki_Lab4..csproj", "{CDB8FBDE-EA9F-44AD-9F1D-0C632585435C}"
EndProject
Global
	GlobalSection(SolutionConfigurationPlatforms) = preSolution
		Debug|Any CPU = Debug|Any CPU
		Release|Any CPU = Release|Any CPU
	EndGlobalSection
	GlobalSection(ProjectConfigurationPlatforms) = postSolution
		{CDB8FBDE-EA9F-44AD-9F1D-0C632585435C}.Debug|Any CPU.ActiveCfg = Debug|Any CPU
		{CDB8FBDE-EA9F-44AD-9F1D-0C632585435C}.Debug|Any CPU.Build.0 = Debug|Any CPU
		{CDB8FBDE-EA9F-44AD-9F1D-0C632585435C}.Debug|Any CPU.Deploy.0 = Debug|Any CPU
		{CDB8FBDE-EA9F-44AD-9F1D-0C632585435C}.Release|Any CPU.ActiveCfg = Release|Any CPU
		{CDB8FBDE-EA9F-44AD-9F1D-0C632585435C}.Release|Any CPU.Build.0 = Release|Any CPU
		{CDB8FBDE-EA9F-44AD-9F1D-0C632585435C}.Release|Any CPU.Deploy.0 = Release|Any CPU
	EndGlobalSection
	GlobalSection(SolutionProperties) = preSolution
		HideSolutionNode = FALSE
	EndGlobalSection
	GlobalSection(ExtensibilityGlobals) = postSolution
		SolutionGuid = {61F7FB11-1E47-470C-91E2-47F8143E1572}
	EndGlobalSection
EndGlobal
